
Microsoft Visual Studio Solution File, Format Version 12.00
# Visual Studio Version 16
VisualStudioVersion = 16.0.29911.84
MinimumVisualStudioVersion = 10.0.40219.1
Project("{FAE04EC0-301F-11D3-BF4B-00C04F79EFBC}") = "swap", "swap\swap.csproj", "{C1025D94-E356-4629-BFBC-28F8495E3AB7}"
EndProject
Global
	GlobalSection(SolutionConfigurationPlatforms) = preSolution
		Debug|Any CPU = Debug|Any CPU
		Release|Any CPU = Release|Any CPU
	EndGlobalSection
	GlobalSection(ProjectConfigurationPlatforms) = postSolution
		{C1025D94-E356-4629-BFBC-28F8495E3AB7}.Debug|Any CPU.ActiveCfg = Debug|Any CPU
		{C1025D94-E356-4629-BFBC-28F8495E3AB7}.Debug|Any CPU.Build.0 = Debug|Any CPU
		{C1025D94-E356-4629-BFBC-28F8495E3AB7}.Release|Any CPU.ActiveCfg = Release|Any CPU
		{C1025D94-E356-4629-BFBC-28F8495E3AB7}.Release|Any CPU.Build.0 = Release|Any CPU
	EndGlobalSection
	GlobalSection(SolutionProperties) = preSolution
		HideSolutionNode = FALSE
	EndGlobalSection
	GlobalSection(ExtensibilityGlobals) = postSolution
		SolutionGuid = {1A96FE4C-474C-4FC0-BA15-C0EFA2454BB4}
	EndGlobalSection
EndGlobal
